
Microsoft Visual Studio Solution File, Format Version 12.00
# Visual Studio Version 17
VisualStudioVersion = 17.7.34024.191
MinimumVisualStudioVersion = 10.0.40219.1
Project("{9A19103F-16F7-4668-BE54-9A1E7A4F7556}") = "OnionCrafter.Dto.Request", "src\OnionCrafter.Dto.Request\OnionCrafter.Dto.Request.csproj", "{0C3876F2-2898-4BF3-B6A7-177BEADB8F51}"
EndProject
Global
	GlobalSection(SolutionConfigurationPlatforms) = preSolution
		Debug|Any CPU = Debug|Any CPU
		Release|Any CPU = Release|Any CPU
	EndGlobalSection
	GlobalSection(ProjectConfigurationPlatforms) = postSolution
		{0C3876F2-2898-4BF3-B6A7-177BEADB8F51}.Debug|Any CPU.ActiveCfg = Debug|Any CPU
		{0C3876F2-2898-4BF3-B6A7-177BEADB8F51}.Debug|Any CPU.Build.0 = Debug|Any CPU
		{0C3876F2-2898-4BF3-B6A7-177BEADB8F51}.Release|Any CPU.ActiveCfg = Release|Any CPU
		{0C3876F2-2898-4BF3-B6A7-177BEADB8F51}.Release|Any CPU.Build.0 = Release|Any CPU
	EndGlobalSection
	GlobalSection(SolutionProperties) = preSolution
		HideSolutionNode = FALSE
	EndGlobalSection
	GlobalSection(ExtensibilityGlobals) = postSolution
		SolutionGuid = {A9F27D0F-6A78-4F81-991E-07644CC6BCFD}
	EndGlobalSection
EndGlobal
